
Microsoft Visual Studio Solution File, Format Version 12.00
# Visual Studio Version 17
VisualStudioVersion = 17.14.35906.104 d17.14
MinimumVisualStudioVersion = 10.0.40219.1
Project("{FAE04EC0-301F-11D3-BF4B-00C04F79EFBC}") = "CMCS", "CMCS.csproj", "{80F1F02C-A098-48D1-9CCF-B00E92198948}"
EndProject
Global
	GlobalSection(SolutionConfigurationPlatforms) = preSolution
		Debug|Any CPU = Debug|Any CPU
		Release|Any CPU = Release|Any CPU
	EndGlobalSection
	GlobalSection(ProjectConfigurationPlatforms) = postSolution
		{80F1F02C-A098-48D1-9CCF-B00E92198948}.Debug|Any CPU.ActiveCfg = Debug|Any CPU
		{80F1F02C-A098-48D1-9CCF-B00E92198948}.Debug|Any CPU.Build.0 = Debug|Any CPU
		{80F1F02C-A098-48D1-9CCF-B00E92198948}.Release|Any CPU.ActiveCfg = Release|Any CPU
		{80F1F02C-A098-48D1-9CCF-B00E92198948}.Release|Any CPU.Build.0 = Release|Any CPU
	EndGlobalSection
	GlobalSection(SolutionProperties) = preSolution
		HideSolutionNode = FALSE
	EndGlobalSection
	GlobalSection(ExtensibilityGlobals) = postSolution
		SolutionGuid = {EF58D11B-CDE9-4851-8B39-802734026716}
	EndGlobalSection
EndGlobal
